PODS:
  - awesome_notifications (0.11.0):
    - Flutter
    - IosAwnCore (~> 0.11.0)
  - awesome_notifications_core (0.0.1):
    - Flutter
  - awesome_notifications_fcm (0.11.0):
    - awesome_notifications
    - Firebase/Messaging
    - FirebaseCore
    - Flutter
    - IosAwnCore (~> 0.11.0)
    - IosAwnFcmCore (~> 0.11.0)
  - connectivity_plus (0.0.1):
    - Flutter
  - Firebase/CoreOnly (12.9.0):
    - FirebaseCore (~> 12.9.0)
  - Firebase/Messaging (12.9.0):
    - Firebase/CoreOnly
    - FirebaseMessaging (~> 12.9.0)
  - firebase_core (4.6.0):
    - Firebase/CoreOnly (= 12.9.0)
    - Flutter
  - FirebaseCore (12.9.0):
    - FirebaseCoreInternal (~> 12.9.0)
    - GoogleUtilities/Environment (~> 8.1)
    - GoogleUtilities/Logger (~> 8.1)
  - FirebaseCoreInternal (12.9.0):
    - "GoogleUtilities/NSData+zlib (~> 8.1)"
  - FirebaseInstallations (12.9.0):
    - FirebaseCore (~> 12.9.0)
    - GoogleUtilities/Environment (~> 8.1)
    - GoogleUtilities/UserDefaults (~> 8.1)
    - PromisesObjC (~> 2.4)
  - FirebaseMessaging (12.9.0):
    - FirebaseCore (~> 12.9.0)
    - FirebaseInstallations (~> 12.9.0)
    - GoogleDataTransport (~> 10.1)
    - GoogleUtilities/AppDelegateSwizzler (~> 8.1)
    - GoogleUtilities/Environment (~> 8.1)
    - GoogleUtilities/Reachability (~> 8.1)
    - GoogleUtilities/UserDefaults (~> 8.1)
    - nanopb (~> 3.30910.0)
  - Flutter (1.0.0)
  - flutter_native_splash (2.4.3):
    - Flutter
  - flutter_secure_storage_darwin (10.0.0):
    - Flutter
    - FlutterMacOS
  - flutter_sharing_intent (1.0.1):
    - Flutter
  - geolocator_apple (1.2.0):
    - Flutter
    - FlutterMacOS
  - Google-Maps-iOS-Utils (6.1.3):
    - GoogleMaps (~> 10.0)
  - google_maps_flutter_ios (0.0.1):
    - Flutter
    - Google-Maps-iOS-Utils (< 7.0, >= 5.0)
    - GoogleMaps (< 11.0, >= 8.4)
  - google_places_autocomplete (2.1.1):
    - Flutter
    - GooglePlaces (= 10.6.0)
  - GoogleDataTransport (10.1.0):
    - nanopb (~> 3.30910.0)
    - PromisesObjC (~> 2.4)
  - GoogleMaps (10.12.0):
    - GoogleMaps/Maps (= 10.12.0)
  - GoogleMaps/Maps (10.12.0)
  - GooglePlaces (10.6.0)
  - GoogleUtilities (8.1.0):
    - GoogleUtilities/AppDelegateSwizzler (= 8.1.0)
    - GoogleUtilities/Environment (= 8.1.0)
    - GoogleUtilities/Logger (= 8.1.0)
    - GoogleUtilities/MethodSwizzler (= 8.1.0)
    - GoogleUtilities/Network (= 8.1.0)
    - "GoogleUtilities/NSData+zlib (= 8.1.0)"
    - GoogleUtilities/Privacy (= 8.1.0)
    - GoogleUtilities/Reachability (= 8.1.0)
    - GoogleUtilities/SwizzlerTestHelpers (= 8.1.0)
    - GoogleUtilities/UserDefaults (= 8.1.0)
  - GoogleUtilities/AppDelegateSwizzler (8.1.0):
    - GoogleUtilities/Environment
    - GoogleUtilities/Logger
    - GoogleUtilities/Network
    - GoogleUtilities/Privacy
  - GoogleUtilities/Environment (8.1.0):
    - GoogleUtilities/Privacy
  - GoogleUtilities/Logger (8.1.0):
    - GoogleUtilities/Environment
    - GoogleUtilities/Privacy
  - GoogleUtilities/MethodSwizzler (8.1.0):
    - GoogleUtilities/Logger
    - GoogleUtilities/Privacy
  - GoogleUtilities/Network (8.1.0):
    - GoogleUtilities/Logger
    - "GoogleUtilities/NSData+zlib"
    - GoogleUtilities/Privacy
    - GoogleUtilities/Reachability
  - "GoogleUtilities/NSData+zlib (8.1.0)":
    - GoogleUtilities/Privacy
  - GoogleUtilities/Privacy (8.1.0)
  - GoogleUtilities/Reachability (8.1.0):
    - GoogleUtilities/Logger
    - GoogleUtilities/Privacy
  - GoogleUtilities/SwizzlerTestHelpers (8.1.0):
    - GoogleUtilities/MethodSwizzler
  - GoogleUtilities/UserDefaults (8.1.0):
    - GoogleUtilities/Logger
    - GoogleUtilities/Privacy
  - IosAwnCore (0.11.0)
  - IosAwnFcmCore (0.11.0):
    - Firebase/Messaging (~> 12.0)
    - FirebaseCore (~> 12.0)
    - GoogleUtilities (~> 8.0)
    - IosAwnCore (~> 0.11.0)
  - nanopb (3.30910.0):
    - nanopb/decode (= 3.30910.0)
    - nanopb/encode (= 3.30910.0)
  - nanopb/decode (3.30910.0)
  - nanopb/encode (3.30910.0)
  - package_info_plus (0.4.5):
    - Flutter
  - path_provider_foundation (0.0.1):
    - Flutter
    - FlutterMacOS
  - PromisesObjC (2.4.0)
  - Sentry/HybridSDK (8.58.0)
  - sentry_flutter (9.16.0):
    - Flutter
    - FlutterMacOS
    - Sentry/HybridSDK (= 8.58.0)
  - share_plus (0.0.1):
    - Flutter
  - shared_preferences_foundation (0.0.1):
    - Flutter
    - FlutterMacOS
  - time_config_checker_ios (0.0.1):
    - Flutter
  - url_launcher_ios (0.0.1):
    - Flutter

DEPENDENCIES:
  - awesome_notifications (from `.symlinks/plugins/awesome_notifications/ios`)
  - awesome_notifications_core (from `.symlinks/plugins/awesome_notifications_core/ios`)
  - awesome_notifications_fcm (from `.symlinks/plugins/awesome_notifications_fcm/ios`)
  - connectivity_plus (from `.symlinks/plugins/connectivity_plus/ios`)
  - firebase_core (from `.symlinks/plugins/firebase_core/ios`)
  - Flutter (from `Flutter`)
  - flutter_native_splash (from `.symlinks/plugins/flutter_native_splash/ios`)
  - flutter_secure_storage_darwin (from `.symlinks/plugins/flutter_secure_storage_darwin/darwin`)
  - flutter_sharing_intent (from `.symlinks/plugins/flutter_sharing_intent/ios`)
  - geolocator_apple (from `.symlinks/plugins/geolocator_apple/darwin`)
  - google_maps_flutter_ios (from `.symlinks/plugins/google_maps_flutter_ios/ios`)
  - google_places_autocomplete (from `.symlinks/plugins/google_places_autocomplete/ios`)
  - package_info_plus (from `.symlinks/plugins/package_info_plus/ios`)
  - path_provider_foundation (from `.symlinks/plugins/path_provider_foundation/darwin`)
  - sentry_flutter (from `.symlinks/plugins/sentry_flutter/ios`)
  - share_plus (from `.symlinks/plugins/share_plus/ios`)
  - shared_preferences_foundation (from `.symlinks/plugins/shared_preferences_foundation/darwin`)
  - time_config_checker_ios (from `.symlinks/plugins/time_config_checker_ios/ios`)
  - url_launcher_ios (from `.symlinks/plugins/url_launcher_ios/ios`)

SPEC REPOS:
  trunk:
    - Firebase
    - FirebaseCore
    - FirebaseCoreInternal
    - FirebaseInstallations
    - FirebaseMessaging
    - Google-Maps-iOS-Utils
    - GoogleDataTransport
    - GoogleMaps
    - GooglePlaces
    - GoogleUtilities
    - IosAwnCore
    - IosAwnFcmCore
    - nanopb
    - PromisesObjC
    - Sentry

EXTERNAL SOURCES:
  awesome_notifications:
    :path: ".symlinks/plugins/awesome_notifications/ios"
  awesome_notifications_core:
    :path: ".symlinks/plugins/awesome_notifications_core/ios"
  awesome_notifications_fcm:
    :path: ".symlinks/plugins/awesome_notifications_fcm/ios"
  connectivity_plus:
    :path: ".symlinks/plugins/connectivity_plus/ios"
  firebase_core:
    :path: ".symlinks/plugins/firebase_core/ios"
  Flutter:
    :path: Flutter
  flutter_native_splash:
    :path: ".symlinks/plugins/flutter_native_splash/ios"
  flutter_secure_storage_darwin:
    :path: ".symlinks/plugins/flutter_secure_storage_darwin/darwin"
  flutter_sharing_intent:
    :path: ".symlinks/plugins/flutter_sharing_intent/ios"
  geolocator_apple:
    :path: ".symlinks/plugins/geolocator_apple/darwin"
  google_maps_flutter_ios:
    :path: ".symlinks/plugins/google_maps_flutter_ios/ios"
  google_places_autocomplete:
    :path: ".symlinks/plugins/google_places_autocomplete/ios"
  package_info_plus:
    :path: ".symlinks/plugins/package_info_plus/ios"
  path_provider_foundation:
    :path: ".symlinks/plugins/path_provider_foundation/darwin"
  sentry_flutter:
    :path: ".symlinks/plugins/sentry_flutter/ios"
  share_plus:
    :path: ".symlinks/plugins/share_plus/ios"
  shared_preferences_foundation:
    :path: ".symlinks/plugins/shared_preferences_foundation/darwin"
  time_config_checker_ios:
    :path: ".symlinks/plugins/time_config_checker_ios/ios"
  url_launcher_ios:
    :path: ".symlinks/plugins/url_launcher_ios/ios"

SPEC CHECKSUMS:
  awesome_notifications: 73d2ed099914aedfd0ac8f40c4d177f22206cce6
  awesome_notifications_core: d02eed89738fa362d56cbd372850e9adcd2c6bef
  awesome_notifications_fcm: ec648d10cdfb2db059cce74d09fde62d145e4dd4
  connectivity_plus: 2a701ffec2c0ae28a48cf7540e279787e77c447d
  Firebase: 065f2bb395062046623036d8e6dc857bc2521d56
  firebase_core: 98bcc1bd1a097bcb8b1ed6e091de3039802527c4
  FirebaseCore: 428912f751178b06bef0a1793effeb4a5e09a9b8
  FirebaseCoreInternal: b321eafae5362113bc182956fafc9922cfc77b72
  FirebaseInstallations: 7b64ffd006032b2b019a59b803858df5112d9eaa
  FirebaseMessaging: 7d6cdbff969127c4151c824fe432f0e301210f15
  Flutter: cabc95a1d2626b1b06e7179b784ebcf0c0cde467
  flutter_native_splash: df59bb2e1421aa0282cb2e95618af4dcb0c56c29
  flutter_secure_storage_darwin: 557817588b80e60213cbecb573c45c76b788018d
  flutter_sharing_intent: ea3bb5ac2838e6700a5a8506804c08a78a1ef316
  geolocator_apple: 66b711889fd333205763b83c9dcf0a57a28c7afd
  Google-Maps-iOS-Utils: bed22fa703c919259b3901449434d60d994fae20
  google_maps_flutter_ios: 11687ec5d93f8e025e12daab0a5636fa9f71d53e
  google_places_autocomplete: 2537a5c92814369758bd7cbca9dd6159029e7bd4
  GoogleDataTransport: aae35b7ea0c09004c3797d53c8c41f66f219d6a7
  GoogleMaps: 52bbc0302f08e6d8bafb818c331b36f75875bc10
  GooglePlaces: a7c299c7f81208ff5575a78e7e93bc654f22f4d2
  GoogleUtilities: 00c88b9a86066ef77f0da2fab05f65d7768ed8e1
  IosAwnCore: 32019505f4a4909fa9079ee401b2c82aeeab78a8
  IosAwnFcmCore: 00324f9e25ee181177ad54e9175ff43ac7ecad66
  nanopb: fad817b59e0457d11a5dfbde799381cd727c1275
  package_info_plus: c0502532a26c7662a62a356cebe2692ec5fe4ec4
  path_provider_foundation: 0b743cbb62d8e47eab856f09262bb8c1ddcfe6ba
  PromisesObjC: f5707f49cb48b9636751c5b2e7d227e43fba9f47
  Sentry: d587a8fe91ca13503ecd69a1905f3e8a0fcf61be
  sentry_flutter: 12dec987220dfce5e53b1eab297cd2161e452759
  share_plus: 8b6f8b3447e494cca5317c8c3073de39b3600d1f
  shared_preferences_foundation: 5086985c1d43c5ba4d5e69a4e8083a389e2909e6
  time_config_checker_ios: c99a633f2c7bf3f3d1a37265bda4cd4c56424712
  url_launcher_ios: bb13df5870e8c4234ca12609d04010a21be43dfa

PODFILE CHECKSUM: 09363b64218efad48340c22fb3c4e6a4b9019665

COCOAPODS: 1.16.2
